
Microsoft Visual Studio Solution File, Format Version 12.00
# Visual Studio Version 16
VisualStudioVersion = 16.0.31702.278
MinimumVisualStudioVersion = 10.0.40219.1
Project("{FAE04EC0-301F-11D3-BF4B-00C04F79EFBC}") = "Entidades", "Entidades\Entidades.csproj", "{BB3191D4-2ADB-43CC-A497-5B989990D404}"
EndProject
Project("{9A19103F-16F7-4668-BE54-9A1E7A4F7556}") = "Tests", "Tests\Tests.csproj", "{C86A9A9E-E2AF-4F1F-81E2-C6D5C11A05E5}"
EndProject
Project("{9A19103F-16F7-4668-BE54-9A1E7A4F7556}") = "Forms", "Principal\Forms.csproj", "{A5879F59-44A3-44A8-B37F-D9C360AC1F85}"
EndProject
Global
	GlobalSection(SolutionConfigurationPlatforms) = preSolution
		Debug|Any CPU = Debug|Any CPU
		Release|Any CPU = Release|Any CPU
	EndGlobalSection
	GlobalSection(ProjectConfigurationPlatforms) = postSolution
		{BB3191D4-2ADB-43CC-A497-5B989990D404}.Debug|Any CPU.ActiveCfg = Debug|Any CPU
		{BB3191D4-2ADB-43CC-A497-5B989990D404}.Debug|Any CPU.Build.0 = Debug|Any CPU
		{BB3191D4-2ADB-43CC-A497-5B989990D404}.Release|Any CPU.ActiveCfg = Release|Any CPU
		{BB3191D4-2ADB-43CC-A497-5B989990D404}.Release|Any CPU.Build.0 = Release|Any CPU
		{C86A9A9E-E2AF-4F1F-81E2-C6D5C11A05E5}.Debug|Any CPU.ActiveCfg = Debug|Any CPU
		{C86A9A9E-E2AF-4F1F-81E2-C6D5C11A05E5}.Debug|Any CPU.Build.0 = Debug|Any CPU
		{C86A9A9E-E2AF-4F1F-81E2-C6D5C11A05E5}.Release|Any CPU.ActiveCfg = Release|Any CPU
		{C86A9A9E-E2AF-4F1F-81E2-C6D5C11A05E5}.Release|Any CPU.Build.0 = Release|Any CPU
		{A5879F59-44A3-44A8-B37F-D9C360AC1F85}.Debug|Any CPU.ActiveCfg = Debug|Any CPU
		{A5879F59-44A3-44A8-B37F-D9C360AC1F85}.Debug|Any CPU.Build.0 = Debug|Any CPU
		{A5879F59-44A3-44A8-B37F-D9C360AC1F85}.Release|Any CPU.ActiveCfg = Release|Any CPU
		{A5879F59-44A3-44A8-B37F-D9C360AC1F85}.Release|Any CPU.Build.0 = Release|Any CPU
	EndGlobalSection
	GlobalSection(SolutionProperties) = preSolution
		HideSolutionNode = FALSE
	EndGlobalSection
	GlobalSection(ExtensibilityGlobals) = postSolution
		SolutionGuid = {2862F26A-8680-4A58-9197-8C18BBE8892F}
	EndGlobalSection
EndGlobal
